
Microsoft Visual Studio Solution File, Format Version 12.00
# Visual Studio 15
VisualStudioVersion = 15.0.28010.2036
MinimumVisualStudioVersion = 10.0.40219.1
Project("{FAE04EC0-301F-11D3-BF4B-00C04F79EFBC}") = "Labradornaya5", "Labradornaya5\Labradornaya5.csproj", "{FC9BEFA3-3FAD-4892-BBC7-B13ADA162C11}"
EndProject
Global
	GlobalSection(SolutionConfigurationPlatforms) = preSolution
		Debug|Any CPU = Debug|Any CPU
		Release|Any CPU = Release|Any CPU
	EndGlobalSection
	GlobalSection(ProjectConfigurationPlatforms) = postSolution
		{FC9BEFA3-3FAD-4892-BBC7-B13ADA162C11}.Debug|Any CPU.ActiveCfg = Debug|Any CPU
		{FC9BEFA3-3FAD-4892-BBC7-B13ADA162C11}.Debug|Any CPU.Build.0 = Debug|Any CPU
		{FC9BEFA3-3FAD-4892-BBC7-B13ADA162C11}.Release|Any CPU.ActiveCfg = Release|Any CPU
		{FC9BEFA3-3FAD-4892-BBC7-B13ADA162C11}.Release|Any CPU.Build.0 = Release|Any CPU
	EndGlobalSection
	GlobalSection(SolutionProperties) = preSolution
		HideSolutionNode = FALSE
	EndGlobalSection
	GlobalSection(ExtensibilityGlobals) = postSolution
		SolutionGuid = {EBE38264-31CA-4BD7-9A47-C1BA0DFEA7F0}
	EndGlobalSection
EndGlobal
